# This file is automatically @generated by Cargo.
# It is not intended for manual editing.
[[package]]
name = "cc"
version = "1.0.61"
source = "registry+https://github.com/rust-lang/crates.io-index"
checksum = "ed67cbde08356238e75fc4656be4749481eeffb09e19f320a25237d5221c985d"

[[package]]
name = "libc"
version = "0.2.79"
source = "registry+https://github.com/rust-lang/crates.io-index"
checksum = "2448f6066e80e3bfc792e9c98bf705b4b0fc6e8ef5b43e5889aff0eaa9c58743"

[[package]]
name = "rfree"
version = "0.1.0"
dependencies = [
 "sys-info",
]

[[package]]
name = "sys-info"
version = "0.7.0"
source = "registry+https://github.com/rust-lang/crates.io-index"
checksum = "e5cfbd84f86389198ade41b439f72a5b1b3a8ba728e61cd589e1720d0df44c39"
dependencies = [
 "cc",
 "libc",
]
